// !$*UTF8*$!
{
	archiveVersion = 1;
	classes = {
	};
	objectVersion = 46;
	objects = {

/* Begin PBXBuildFile section */
		44CFFE2F1A21144700FBBDE2 /* main.cpp in Sources */ = {isa = PBXBuildFile; fileRef = 44CFFE2E1A21144700FBBDE2 /* main.cpp */; };
		44CFFE371A21147600FBBDE2 /* Item.cpp in Sources */ = {isa = PBXBuildFile; fileRef = 44CFFE351A21147600FBBDE2 /* Item.cpp */; };
		44CFFE3A1A21167700FBBDE2 /* List.cpp in Sources */ = {isa = PBXBuildFile; fileRef = 44CFFE381A21167700FBBDE2 /* List.cpp */; };
/* End PBXBuildFile section */

/* Begin PBXCopyFilesBuildPhase section */
		44CFFE291A21144700FBBDE2 /* CopyFiles */ = {
			isa = PBXCopyFilesBuildPhase;
			buildActionMask = 2147483647;
			dstPath = /usr/share/man/man1/;
			dstSubfolderSpec = 0;
			files = (
			);
			runOnlyForDeploymentPostprocessing = 1;
		};
/* End PBXCopyFilesBuildPhase section */

/* Begin PBXFileReference section */
		44CFFE2B1A21144700FBBDE2 /* DFox_Exercise5 */ = {isa = PBXFileReference; explicitFileType = "compiled.mach-o.executable"; includeInIndex = 0; path = DFox_Exercise5; sourceTree = BUILT_PRODUCTS_DIR; };
		44CFFE2E1A21144700FBBDE2 /* main.cpp */ = {isa = PBXFileReference; lastKnownFileType = sourcecode.cpp.cpp; path = main.cpp; sourceTree = "<group>"; };
		44CFFE351A21147600FBBDE2 /* Item.cpp */ = {isa = PBXFileReference; fileEncoding = 4; lastKnownFileType = sourcecode.cpp.cpp; path = Item.cpp; sourceTree = "<group>"; };
		44CFFE361A21147600FBBDE2 /* Item.h */ = {isa = PBXFileReference; fileEncoding = 4; lastKnownFileType = sourcecode.c.h; path = Item.h; sourceTree = "<group>"; };
		44CFFE381A21167700FBBDE2 /* List.cpp */ = {isa = PBXFileReference; fileEncoding = 4; lastKnownFileType = sourcecode.cpp.cpp; path = List.cpp; sourceTree = "<group>"; };
		44CFFE391A21167700FBBDE2 /* List.h */ = {isa = PBXFileReference; fileEncoding = 4; lastKnownFileType = sourcecode.c.h; path = List.h; sourceTree = "<group>"; };
		44CFFE3B1A21172300FBBDE2 /* Input.txt */ = {isa = PBXFileReference; fileEncoding = 4; lastKnownFileType = text; path = Input.txt; sourceTree = "<group>"; };
/* End PBXFileReference section */

/* Begin PBXFrameworksBuildPhase section */
		44CFFE281A21144700FBBDE2 /* Frameworks */ = {
			isa = PBXFrameworksBuildPhase;
			buildActionMask = 2147483647;
			files = (
			);
			runOnlyForDeploymentPostprocessing = 0;
		};
/* End PBXFrameworksBuildPhase section */

/* Begin PBXGroup section */
		44CFFE221A21144700FBBDE2 = {
			isa = PBXGroup;
			children = (
				44CFFE2D1A21144700FBBDE2 /* DFox_Exercise5 */,
				44CFFE2C1A21144700FBBDE2 /* Products */,
			);
			sourceTree = "<group>";
		};
		44CFFE2C1A21144700FBBDE2 /* Products */ = {
			isa = PBXGroup;
			children = (
				44CFFE2B1A21144700FBBDE2 /* DFox_Exercise5 */,
			);
			name = Products;
			sourceTree = "<group>";
		};
		44CFFE2D1A21144700FBBDE2 /* DFox_Exercise5 */ = {
			isa = PBXGroup;
			children = (
				44CFFE2E1A21144700FBBDE2 /* main.cpp */,
				44CFFE351A21147600FBBDE2 /* Item.cpp */,
				44CFFE361A21147600FBBDE2 /* Item.h */,
				44CFFE381A21167700FBBDE2 /* List.cpp */,
				44CFFE391A21167700FBBDE2 /* List.h */,
				44CFFE3B1A21172300FBBDE2 /* Input.txt */,
			);
			path = DFox_Exercise5;
			sourceTree = "<group>";
		};
/* End PBXGroup section */

/* Begin PBXNativeTarget section */
		44CFFE2A1A21144700FBBDE2 /* DFox_Exercise5 */ = {
			isa = PBXNativeTarget;
			buildConfigurationList = 44CFFE321A21144700FBBDE2 /* Build configuration list for PBXNativeTarget "DFox_Exercise5" */;
			buildPhases = (
				44CFFE271A21144700FBBDE2 /* Sources */,
				44CFFE281A21144700FBBDE2 /* Frameworks */,
				44CFFE291A21144700FBBDE2 /* CopyFiles */,
			);
			buildRules = (
			);
			dependencies = (
			);
			name = DFox_Exercise5;
			productName = DFox_Exercise5;
			productReference = 44CFFE2B1A21144700FBBDE2 /* DFox_Exercise5 */;
			productType = "com.apple.product-type.tool";
		};
/* End PBXNativeTarget section */

/* Begin PBXProject section */
		44CFFE231A21144700FBBDE2 /* Project object */ = {
			isa = PBXProject;
			attributes = {
				LastUpgradeCheck = 0610;
				ORGANIZATIONNAME = "Derrick Fox";
				TargetAttributes = {
					44CFFE2A1A21144700FBBDE2 = {
						CreatedOnToolsVersion = 6.1;
					};
				};
			};
			buildConfigurationList = 44CFFE261A21144700FBBDE2 /* Build configuration list for PBXProject "DFox_Exercise5" */;
			compatibilityVersion = "Xcode 3.2";
			developmentRegion = English;
			hasScannedForEncodings = 0;
			knownRegions = (
				en,
			);
			mainGroup = 44CFFE221A21144700FBBDE2;
			productRefGroup = 44CFFE2C1A21144700FBBDE2 /* Products */;
			projectDirPath = "";
			projectRoot = "";
			targets = (
				44CFFE2A1A21144700FBBDE2 /* DFox_Exercise5 */,
			);
		};
/* End PBXProject section */

/* Begin PBXSourcesBuildPhase section */
		44CFFE271A21144700FBBDE2 /* Sources */ = {
			isa = PBXSourcesBuildPhase;
			buildActionMask = 2147483647;
			files = (
				44CFFE3A1A21167700FBBDE2 /* List.cpp in Sources */,
				44CFFE371A21147600FBBDE2 /* Item.cpp in Sources */,
				44CFFE2F1A21144700FBBDE2 /* main.cpp in Sources */,
			);
			runOnlyForDeploymentPostprocessing = 0;
		};
/* End PBXSourcesBuildPhase section */

/* Begin XCBuildConfiguration section */
		44CFFE301A21144700FBBDE2 /* Debug */ = {
			isa = XCBuildConfiguration;
			buildSettings = {
				ALWAYS_SEARCH_USER_PATHS = NO;
				CLANG_CXX_LANGUAGE_STANDARD = "gnu++0x";
				CLANG_CXX_LIBRARY = "libc++";
				CLANG_ENABLE_MODULES = YES;
				CLANG_ENABLE_OBJC_ARC = YES;
				CLANG_WARN_BOOL_CONVERSION = YES;
				CLANG_WARN_CONSTANT_CONVERSION = YES;
				CLANG_WARN_DIRECT_OBJC_ISA_USAGE = YES_ERROR;
				CLANG_WARN_EMPTY_BODY = YES;
				CLANG_WARN_ENUM_CONVERSION = YES;
				CLANG_WARN_INT_CONVERSION = YES;
				CLANG_WARN_OBJC_ROOT_CLASS = YES_ERROR;
				CLANG_WARN_UNREACHABLE_CODE = YES;
				CLANG_WARN__DUPLICATE_METHOD_MATCH = YES;
				COPY_PHASE_STRIP = NO;
				ENABLE_STRICT_OBJC_MSGSEND = YES;
				GCC_C_LANGUAGE_STANDARD = gnu99;
				GCC_DYNAMIC_NO_PIC = NO;
				GCC_OPTIMIZATION_LEVEL = 0;
				GCC_PREPROCESSOR_DEFINITIONS = (
					"DEBUG=1",
					"$(inherited)",
				);
				GCC_SYMBOLS_PRIVATE_EXTERN = NO;
				GCC_WARN_64_TO_32_BIT_CONVERSION = YES;
				GCC_WARN_ABOUT_RETURN_TYPE = YES_ERROR;
				GCC_WARN_UNDECLARED_SELECTOR = YES;
				GCC_WARN_UNINITIALIZED_AUTOS = YES_AGGRESSIVE;
				GCC_WARN_UNUSED_FUNCTION = YES;
				GCC_WARN_UNUSED_VARIABLE = YES;
				MACOSX_DEPLOYMENT_TARGET = 10.10;
				MTL_ENABLE_DEBUG_INFO = YES;
				ONLY_ACTIVE_ARCH = YES;
				SDKROOT = macosx;
			};
			name = Debug;
		};
		44CFFE311A21144700FBBDE2 /* Release */ = {
			isa = XCBuildConfiguration;
			buildSettings = {
				ALWAYS_SEARCH_USER_PATHS = NO;
				CLANG_CXX_LANGUAGE_STANDARD = "gnu++0x";
				CLANG_CXX_LIBRARY = "libc++";
				CLANG_ENABLE_MODULES = YES;
				CLANG_ENABLE_OBJC_ARC = YES;
				CLANG_WARN_BOOL_CONVERSION = YES;
				CLANG_WARN_CONSTANT_CONVERSION = YES;
				CLANG_WARN_DIRECT_OBJC_ISA_USAGE = YES_ERROR;
				CLANG_WARN_EMPTY_BODY = YES;
				CLANG_WARN_ENUM_CONVERSION = YES;
				CLANG_WARN_INT_CONVERSION = YES;
				CLANG_WARN_OBJC_ROOT_CLASS = YES_ERROR;
				CLANG_WARN_UNREACHABLE_CODE = YES;
				CLANG_WARN__DUPLICATE_METHOD_MATCH = YES;
				COPY_PHASE_STRIP = YES;
				DEBUG_INFORMATION_FORMAT = "dwarf-with-dsym";
				ENABLE_NS_ASSERTIONS = NO;
				ENABLE_STRICT_OBJC_MSGSEND = YES;
				GCC_C_LANGUAGE_STANDARD = gnu99;
				GCC_WARN_64_TO_32_BIT_CONVERSION = YES;
				GCC_WARN_ABOUT_RETURN_TYPE = YES_ERROR;
				GCC_WARN_UNDECLARED_SELECTOR = YES;
				GCC_WARN_UNINITIALIZED_AUTOS = YES_AGGRESSIVE;
				GCC_WARN_UNUSED_FUNCTION = YES;
				GCC_WARN_UNUSED_VARIABLE = YES;
				MACOSX_DEPLOYMENT_TARGET = 10.10;
				MTL_ENABLE_DEBUG_INFO = NO;
				SDKROOT = macosx;
			};
			name = Release;
		};
		44CFFE331A21144700FBBDE2 /* Debug */ = {
			isa = XCBuildConfiguration;
			buildSettings = {
				PRODUCT_NAME = "$(TARGET_NAME)";
			};
			name = Debug;
		};
		44CFFE341A21144700FBBDE2 /* Release */ = {
			isa = XCBuildConfiguration;
			buildSettings = {
				PRODUCT_NAME = "$(TARGET_NAME)";
			};
			name = Release;
		};
/* End XCBuildConfiguration section */

/* Begin XCConfigurationList section */
		44CFFE261A21144700FBBDE2 /* Build configuration list for PBXProject "DFox_Exercise5" */ = {
			isa = XCConfigurationList;
			buildConfigurations = (
				44CFFE301A21144700FBBDE2 /* Debug */,
				44CFFE311A21144700FBBDE2 /* Release */,
			);
			defaultConfigurationIsVisible = 0;
			defaultConfigurationName = Release;
		};
		44CFFE321A21144700FBBDE2 /* Build configuration list for PBXNativeTarget "DFox_Exercise5" */ = {
			isa = XCConfigurationList;
			buildConfigurations = (
				44CFFE331A21144700FBBDE2 /* Debug */,
				44CFFE341A21144700FBBDE2 /* Release */,
			);
			defaultConfigurationIsVisible = 0;
		};
/* End XCConfigurationList section */
	};
	rootObject = 44CFFE231A21144700FBBDE2 /* Project object */;
}
